dependencies:
  h2zero/esp-nimble-cpp:
    component_hash: 720050476f7fb47bd0aa08a94642fd09a50536391d60081858702a789405d76f
    dependencies:
    - name: espressif/esp_hosted
      registry_url: https://components.espressif.com
      require: private
      rules:
      - if: target in [esp32p4]
      version: '*'
    - name: espressif/esp_wifi_remote
      registry_url: https://components.espressif.com
      require: private
      rules:
      - if: target in [esp32p4]
      version: '>=0.5.3'
    - name: idf
      require: private
      rules:
      - if: target in [esp32p4]
      version: '>=5.3.0'
    source:
      registry_url: https://components.espressif.com/
      type: service
    version: 2.5.0
  idf:
    source:
      type: idf
    version: 6.0.1
  joltwallet/littlefs:
    component_hash: 29eff7921c4e8bce021aeb7fff2723bfcafed661756de700646ea0f6223c2a32
    dependencies:
    - name: idf
      require: private
      version: '>=5.0'
    source:
      registry_url: https://components.espressif.com/
      type: service
    version: 1.21.1
direct_dependencies:
- h2zero/esp-nimble-cpp
- idf
- joltwallet/littlefs
manifest_hash: 40622b5ae39e8ebb8128e8fc7f8454b7fc18e69206c47abebf357e256da39822
target: esp32s3
version: 3.0.0
